
Microsoft Visual Studio Solution File, Format Version 12.00
# Visual Studio 15
VisualStudioVersion = 15.0.26014.0
MinimumVisualStudioVersion = 10.0.40219.1
Project("{FAE04EC0-301F-11D3-BF4B-00C04F79EFBC}") = "JdbcCore", "JdbcCore\JdbcCore.csproj", "{6273F284-32A2-4EEF-BCA9-A6CDB7377368}"
EndProject
Project("{FAE04EC0-301F-11D3-BF4B-00C04F79EFBC}") = "JdbcCoreTest", "JdbcCoreTest\JdbcCoreTest.csproj", "{D65E51CF-5A96-4C01-94EF-ED1569739EF3}"
EndProject
Project("{FAE04EC0-301F-11D3-BF4B-00C04F79EFBC}") = "BasicPlugins", "BasicPlugins\BasicPlugins.csproj", "{4E4813C8-9475-44E3-A208-E35268836D0B}"
EndProject
Project("{FAE04EC0-301F-11D3-BF4B-00C04F79EFBC}") = "JdbcMongoStorageEngine", "JdbcMongoStorageEngine\JdbcMongoStorageEngine.csproj", "{9E72048F-9FC0-4CB2-B350-04157CDC0FC2}"
EndProject
Project("{2150E333-8FDC-42A3-9474-1A3956D46DE8}") = "StorageEngine", "StorageEngine", "{08F18294-A2A6-4BF9-81CE-E648B569EC7E}"
EndProject
Project("{FAE04EC0-301F-11D3-BF4B-00C04F79EFBC}") = "StorageEngineTest", "StorageEngineTest\StorageEngineTest.csproj", "{6ED3CA47-F6D5-456F-9370-C8F4DFCAB81E}"
EndProject
Project("{FAE04EC0-301F-11D3-BF4B-00C04F79EFBC}") = "JdbcCassandraStorageEngine", "JdbcCassandraStorageEngine\JdbcCassandraStorageEngine.csproj", "{D361550E-73E2-4190-B202-CCA83C08660C}"
EndProject
Project("{2150E333-8FDC-42A3-9474-1A3956D46DE8}") = "ComparedTest", "ComparedTest", "{5A40C1BD-32DD-47DA-9D82-B22E5DB7874B}"
EndProject
Project("{FAE04EC0-301F-11D3-BF4B-00C04F79EFBC}") = "CassandraMongoDBTest", "CassandraMongoDBTest\CassandraMongoDBTest.csproj", "{A5065FE6-025A-4362-8F85-DD6F8146461E}"
EndProject
Project("{FAE04EC0-301F-11D3-BF4B-00C04F79EFBC}") = "WebAPI", "WebAPI\WebAPI.csproj", "{29FA2365-B21F-48E2-A189-91ADEB5C473B}"
EndProject
Project("{2150E333-8FDC-42A3-9474-1A3956D46DE8}") = "UnitTest", "UnitTest", "{1DEB347B-43F0-4681-9E7A-B2E4C4C0A898}"
EndProject
Project("{FAE04EC0-301F-11D3-BF4B-00C04F79EFBC}") = "IDQueryPlugInTestDll", "IDQueryPlugInTestDll\IDQueryPlugInTestDll.csproj", "{6282FE57-B643-41DE-A099-AC92AD8692C0}"
EndProject
Project("{FAE04EC0-301F-11D3-BF4B-00C04F79EFBC}") = "CoreApiIntegrationTest", "CoreApiIntegrationTest\CoreApiIntegrationTest.csproj", "{2496334D-4643-48AC-ADEE-8379C6A35979}"
EndProject
Project("{FAE04EC0-301F-11D3-BF4B-00C04F79EFBC}") = "PathQueryPlugInTestDll", "PathQueryPlugInTestDll\PathQueryPlugInTestDll.csproj", "{CA058EC3-D052-460D-BD10-4BCB61A04BF1}"
EndProject
Project("{FAE04EC0-301F-11D3-BF4B-00C04F79EFBC}") = "FixedWaveDataTypePluginTestDll", "FixedWaveDataTypePluginTestDll\FixedWaveDataTypePluginTestDll.csproj", "{5A9533A3-A7C9-48FF-9EC9-47BBEE260618}"
EndProject
Project("{FAE04EC0-301F-11D3-BF4B-00C04F79EFBC}") = "JdbcCassandraIndexEngine", "JdbcCassandraIndexEngine\JdbcCassandraIndexEngine.csproj", "{871395E4-6094-40C4-9E82-6DA454EF3829}"
EndProject
Project("{FAE04EC0-301F-11D3-BF4B-00C04F79EFBC}") = "JDBCExpression", "JDBCExpression\JDBCExpression.csproj", "{659D1A46-B9EF-4192-83F3-AA851F8257D8}"
EndProject
Project("{FAE04EC0-301F-11D3-BF4B-00C04F79EFBC}") = "ConsoleApp1", "ConsoleApp1\ConsoleApp1.csproj", "{12DE7E48-4484-428F-BCB8-4B4C2EEAD05D}"
EndProject
Global
	GlobalSection(SolutionConfigurationPlatforms) = preSolution
		Debug|Any CPU = Debug|Any CPU
		Release|Any CPU = Release|Any CPU
	EndGlobalSection
	GlobalSection(ProjectConfigurationPlatforms) = postSolution
		{6273F284-32A2-4EEF-BCA9-A6CDB7377368}.Debug|Any CPU.ActiveCfg = Debug|Any CPU
		{6273F284-32A2-4EEF-BCA9-A6CDB7377368}.Debug|Any CPU.Build.0 = Debug|Any CPU
		{6273F284-32A2-4EEF-BCA9-A6CDB7377368}.Release|Any CPU.ActiveCfg = Release|Any CPU
		{6273F284-32A2-4EEF-BCA9-A6CDB7377368}.Release|Any CPU.Build.0 = Release|Any CPU
		{D65E51CF-5A96-4C01-94EF-ED1569739EF3}.Debug|Any CPU.ActiveCfg = Debug|Any CPU
		{D65E51CF-5A96-4C01-94EF-ED1569739EF3}.Debug|Any CPU.Build.0 = Debug|Any CPU
		{D65E51CF-5A96-4C01-94EF-ED1569739EF3}.Release|Any CPU.ActiveCfg = Release|Any CPU
		{D65E51CF-5A96-4C01-94EF-ED1569739EF3}.Release|Any CPU.Build.0 = Release|Any CPU
		{4E4813C8-9475-44E3-A208-E35268836D0B}.Debug|Any CPU.ActiveCfg = Debug|Any CPU
		{4E4813C8-9475-44E3-A208-E35268836D0B}.Debug|Any CPU.Build.0 = Debug|Any CPU
		{4E4813C8-9475-44E3-A208-E35268836D0B}.Release|Any CPU.ActiveCfg = Release|Any CPU
		{4E4813C8-9475-44E3-A208-E35268836D0B}.Release|Any CPU.Build.0 = Release|Any CPU
		{9E72048F-9FC0-4CB2-B350-04157CDC0FC2}.Debug|Any CPU.ActiveCfg = Debug|Any CPU
		{9E72048F-9FC0-4CB2-B350-04157CDC0FC2}.Debug|Any CPU.Build.0 = Debug|Any CPU
		{9E72048F-9FC0-4CB2-B350-04157CDC0FC2}.Release|Any CPU.ActiveCfg = Release|Any CPU
		{9E72048F-9FC0-4CB2-B350-04157CDC0FC2}.Release|Any CPU.Build.0 = Release|Any CPU
		{6ED3CA47-F6D5-456F-9370-C8F4DFCAB81E}.Debug|Any CPU.ActiveCfg = Debug|Any CPU
		{6ED3CA47-F6D5-456F-9370-C8F4DFCAB81E}.Debug|Any CPU.Build.0 = Debug|Any CPU
		{6ED3CA47-F6D5-456F-9370-C8F4DFCAB81E}.Release|Any CPU.ActiveCfg = Release|Any CPU
		{6ED3CA47-F6D5-456F-9370-C8F4DFCAB81E}.Release|Any CPU.Build.0 = Release|Any CPU
		{D361550E-73E2-4190-B202-CCA83C08660C}.Debug|Any CPU.ActiveCfg = Debug|Any CPU
		{D361550E-73E2-4190-B202-CCA83C08660C}.Debug|Any CPU.Build.0 = Debug|Any CPU
		{D361550E-73E2-4190-B202-CCA83C08660C}.Release|Any CPU.ActiveCfg = Release|Any CPU
		{D361550E-73E2-4190-B202-CCA83C08660C}.Release|Any CPU.Build.0 = Release|Any CPU
		{A5065FE6-025A-4362-8F85-DD6F8146461E}.Debug|Any CPU.ActiveCfg = Debug|Any CPU
		{A5065FE6-025A-4362-8F85-DD6F8146461E}.Debug|Any CPU.Build.0 = Debug|Any CPU
		{A5065FE6-025A-4362-8F85-DD6F8146461E}.Release|Any CPU.ActiveCfg = Release|Any CPU
		{A5065FE6-025A-4362-8F85-DD6F8146461E}.Release|Any CPU.Build.0 = Release|Any CPU
		{29FA2365-B21F-48E2-A189-91ADEB5C473B}.Debug|Any CPU.ActiveCfg = Debug|Any CPU
		{29FA2365-B21F-48E2-A189-91ADEB5C473B}.Debug|Any CPU.Build.0 = Debug|Any CPU
		{29FA2365-B21F-48E2-A189-91ADEB5C473B}.Release|Any CPU.ActiveCfg = Release|Any CPU
		{29FA2365-B21F-48E2-A189-91ADEB5C473B}.Release|Any CPU.Build.0 = Release|Any CPU
		{6282FE57-B643-41DE-A099-AC92AD8692C0}.Debug|Any CPU.ActiveCfg = Debug|Any CPU
		{6282FE57-B643-41DE-A099-AC92AD8692C0}.Debug|Any CPU.Build.0 = Debug|Any CPU
		{6282FE57-B643-41DE-A099-AC92AD8692C0}.Release|Any CPU.ActiveCfg = Release|Any CPU
		{6282FE57-B643-41DE-A099-AC92AD8692C0}.Release|Any CPU.Build.0 = Release|Any CPU
		{2496334D-4643-48AC-ADEE-8379C6A35979}.Debug|Any CPU.ActiveCfg = Debug|Any CPU
		{2496334D-4643-48AC-ADEE-8379C6A35979}.Debug|Any CPU.Build.0 = Debug|Any CPU
		{2496334D-4643-48AC-ADEE-8379C6A35979}.Release|Any CPU.ActiveCfg = Release|Any CPU
		{2496334D-4643-48AC-ADEE-8379C6A35979}.Release|Any CPU.Build.0 = Release|Any CPU
		{CA058EC3-D052-460D-BD10-4BCB61A04BF1}.Debug|Any CPU.ActiveCfg = Debug|Any CPU
		{CA058EC3-D052-460D-BD10-4BCB61A04BF1}.Debug|Any CPU.Build.0 = Debug|Any CPU
		{CA058EC3-D052-460D-BD10-4BCB61A04BF1}.Release|Any CPU.ActiveCfg = Release|Any CPU
		{CA058EC3-D052-460D-BD10-4BCB61A04BF1}.Release|Any CPU.Build.0 = Release|Any CPU
		{5A9533A3-A7C9-48FF-9EC9-47BBEE260618}.Debug|Any CPU.ActiveCfg = Debug|Any CPU
		{5A9533A3-A7C9-48FF-9EC9-47BBEE260618}.Debug|Any CPU.Build.0 = Debug|Any CPU
		{5A9533A3-A7C9-48FF-9EC9-47BBEE260618}.Release|Any CPU.ActiveCfg = Release|Any CPU
		{5A9533A3-A7C9-48FF-9EC9-47BBEE260618}.Release|Any CPU.Build.0 = Release|Any CPU
		{871395E4-6094-40C4-9E82-6DA454EF3829}.Debug|Any CPU.ActiveCfg = Debug|Any CPU
		{871395E4-6094-40C4-9E82-6DA454EF3829}.Debug|Any CPU.Build.0 = Debug|Any CPU
		{871395E4-6094-40C4-9E82-6DA454EF3829}.Release|Any CPU.ActiveCfg = Release|Any CPU
		{871395E4-6094-40C4-9E82-6DA454EF3829}.Release|Any CPU.Build.0 = Release|Any CPU
		{659D1A46-B9EF-4192-83F3-AA851F8257D8}.Debug|Any CPU.ActiveCfg = Debug|Any CPU
		{659D1A46-B9EF-4192-83F3-AA851F8257D8}.Debug|Any CPU.Build.0 = Debug|Any CPU
		{659D1A46-B9EF-4192-83F3-AA851F8257D8}.Release|Any CPU.ActiveCfg = Release|Any CPU
		{659D1A46-B9EF-4192-83F3-AA851F8257D8}.Release|Any CPU.Build.0 = Release|Any CPU
		{12DE7E48-4484-428F-BCB8-4B4C2EEAD05D}.Debug|Any CPU.ActiveCfg = Debug|Any CPU
		{12DE7E48-4484-428F-BCB8-4B4C2EEAD05D}.Debug|Any CPU.Build.0 = Debug|Any CPU
		{12DE7E48-4484-428F-BCB8-4B4C2EEAD05D}.Release|Any CPU.ActiveCfg = Release|Any CPU
		{12DE7E48-4484-428F-BCB8-4B4C2EEAD05D}.Release|Any CPU.Build.0 = Release|Any CPU
	EndGlobalSection
	GlobalSection(SolutionProperties) = preSolution
		HideSolutionNode = FALSE
	EndGlobalSection
	GlobalSection(NestedProjects) = preSolution
		{D65E51CF-5A96-4C01-94EF-ED1569739EF3} = {1DEB347B-43F0-4681-9E7A-B2E4C4C0A898}
		{9E72048F-9FC0-4CB2-B350-04157CDC0FC2} = {08F18294-A2A6-4BF9-81CE-E648B569EC7E}
		{6ED3CA47-F6D5-456F-9370-C8F4DFCAB81E} = {1DEB347B-43F0-4681-9E7A-B2E4C4C0A898}
		{D361550E-73E2-4190-B202-CCA83C08660C} = {08F18294-A2A6-4BF9-81CE-E648B569EC7E}
		{A5065FE6-025A-4362-8F85-DD6F8146461E} = {5A40C1BD-32DD-47DA-9D82-B22E5DB7874B}
		{6282FE57-B643-41DE-A099-AC92AD8692C0} = {1DEB347B-43F0-4681-9E7A-B2E4C4C0A898}
		{2496334D-4643-48AC-ADEE-8379C6A35979} = {1DEB347B-43F0-4681-9E7A-B2E4C4C0A898}
		{CA058EC3-D052-460D-BD10-4BCB61A04BF1} = {1DEB347B-43F0-4681-9E7A-B2E4C4C0A898}
		{5A9533A3-A7C9-48FF-9EC9-47BBEE260618} = {1DEB347B-43F0-4681-9E7A-B2E4C4C0A898}
		{871395E4-6094-40C4-9E82-6DA454EF3829} = {08F18294-A2A6-4BF9-81CE-E648B569EC7E}
		{12DE7E48-4484-428F-BCB8-4B4C2EEAD05D} = {1DEB347B-43F0-4681-9E7A-B2E4C4C0A898}
	EndGlobalSection
EndGlobal
